<?xml version="1.0" encoding="utf-8"?>
<Project ToolsVersion="4.0" xmlns="http://schemas.microsoft.com/developer/msbuild/2003">
  <ItemGroup>
    <Filter Include="Source Files">
      <UniqueIdentifier>{4FC737F1-C7A5-4376-A066-2A32D752A2FF}</UniqueIdentifier>
      <Extensions>cpp;c;cc;cxx;def;odl;idl;hpj;bat;asm;asmx</Extensions>
    </Filter>
    <Filter Include="Header Files">
      <UniqueIdentifier>{93995380-89BD-4b04-88EB-625FBE52EBFB}</UniqueIdentifier>
      <Extensions>h;hh;hpp;hxx;hm;inl;inc;ipp;xsd</Extensions>
    </Filter>
    <Filter Include="Resource Files">
      <UniqueIdentifier>{67DA6AB6-F800-4c08-8B7A-83BB121AAD01}</UniqueIdentifier>
      <Extensions>rc;ico;cur;bmp;dlg;rc2;rct;bin;rgs;gif;jpg;jpeg;jpe;resx;tiff;tif;png;wav;mfcribbon-ms</Extensions>
    </Filter>
    <Filter Include="Header Files\util">
      <UniqueIdentifier>{533eaa0a-402b-4ec9-9587-4f8d750f5695}</UniqueIdentifier>
    </Filter>
    <Filter Include="Header Files\object">
      <UniqueIdentifier>{a18527c9-7949-495a-8cf6-2bf3dc8a7325}</UniqueIdentifier>
    </Filter>
    <Filter Include="Source Files\util">
      <UniqueIdentifier>{1bdc9534-d4b8-4faf-852f-501a749c2398}</UniqueIdentifier>
    </Filter>
    <Filter Include="Source Files\object">
      <UniqueIdentifier>{652f20d0-357b-4982-915a-5e00c637491d}</UniqueIdentifier>
    </Filter>
    <Filter Include="Header Files\object\buttons">
      <UniqueIdentifier>{a2149c37-c5e0-4a26-9144-27bc909fd03e}</UniqueIdentifier>
    </Filter>
    <Filter Include="Source Files\object\buttons">
      <UniqueIdentifier>{5cf93ac5-e7be-4892-bba8-ba0ee913cee4}</UniqueIdentifier>
    </Filter>
    <Filter Include="Header Files\object\kadrs">
      <UniqueIdentifier>{0c5b2c44-9a70-4f75-8dfe-09c8a43a4456}</UniqueIdentifier>
    </Filter>
    <Filter Include="Source Files\object\kadrs">
      <UniqueIdentifier>{1845d9d3-ec8e-4ecc-9967-0cf1b729429f}</UniqueIdentifier>
    </Filter>
    <Filter Include="Header Files\object\kadrs\KadrPIL">
      <UniqueIdentifier>{a1ecc3c2-e17f-46ae-a0ff-94f77ab3aadd}</UniqueIdentifier>
    </Filter>
    <Filter Include="Header Files\object\kadrs\KadrSYS">
      <UniqueIdentifier>{7236ac30-79cc-4aa5-bba6-d12194cb56af}</UniqueIdentifier>
    </Filter>
    <Filter Include="Source Files\object\kadrs\KadrPIL">
      <UniqueIdentifier>{babad1c3-09e4-433f-9332-8de1776156fc}</UniqueIdentifier>
    </Filter>
    <Filter Include="Source Files\object\kadrs\KadrSYS">
      <UniqueIdentifier>{a71d4df9-efe7-44e3-8d24-0864e94b1335}</UniqueIdentifier>
    </Filter>
    <Filter Include="Header Files\object\buttons\mechButtons">
      <UniqueIdentifier>{e7d218a3-9f65-48e0-a739-8e81f71a8c1e}</UniqueIdentifier>
    </Filter>
    <Filter Include="Header Files\object\buttons\touchButtons">
      <UniqueIdentifier>{0501d838-6118-4845-8bae-c63f2a23f976}</UniqueIdentifier>
    </Filter>
    <Filter Include="Source Files\object\buttons\mechButtons">
      <UniqueIdentifier>{a3f07e17-0a70-4a51-a838-3ff657f203ec}</UniqueIdentifier>
    </Filter>
    <Filter Include="Source Files\object\buttons\touchButtons">
      <UniqueIdentifier>{50fb55e5-9633-4f25-b05d-1872daf3f377}</UniqueIdentifier>
    </Filter>
    <Filter Include="Header Files\object\kadrs\KadrCAM">
      <UniqueIdentifier>{6aa9382d-d597-4311-9b99-8d7df9455adf}</UniqueIdentifier>
    </Filter>
    <Filter Include="Header Files\object\kadrs\KadrRDR">
      <UniqueIdentifier>{fcb2f9bc-e4e6-4999-b7e7-3c927cbe294c}</UniqueIdentifier>
    </Filter>
    <Filter Include="Header Files\object\kadrs\KadrMAP">
      <UniqueIdentifier>{13bdcb76-e0cb-45d2-a784-2ca139f523f8}</UniqueIdentifier>
    </Filter>
    <Filter Include="Source Files\object\kadrs\KadrCAM">
      <UniqueIdentifier>{9f187737-82a8-4b5e-a0ec-af0403bca1dc}</UniqueIdentifier>
    </Filter>
    <Filter Include="Source Files\object\kadrs\KadrMAP">
      <UniqueIdentifier>{f3163749-e391-46a1-8ca2-56a10babf2e8}</UniqueIdentifier>
    </Filter>
    <Filter Include="Source Files\object\kadrs\KadrRDR">
      <UniqueIdentifier>{99fb68d2-aac2-4b41-b4b2-e9936420b2ea}</UniqueIdentifier>
    </Filter>
    <Filter Include="Header Files\object\kadrs\KadrMAP\Database">
      <UniqueIdentifier>{3f0f94fb-74ef-4693-9390-7ce3a0a1a75f}</UniqueIdentifier>
    </Filter>
    <Filter Include="Header Files\object\kadrs\KadrMAP\Map">
      <UniqueIdentifier>{8dd6449e-79fa-4fb4-a737-b48988ae938e}</UniqueIdentifier>
    </Filter>
    <Filter Include="Source Files\object\kadrs\KadrMAP\Database">
      <UniqueIdentifier>{d201590d-48f2-4dc7-abe3-05a41f812cc9}</UniqueIdentifier>
    </Filter>
    <Filter Include="Source Files\object\kadrs\KadrMAP\Map">
      <UniqueIdentifier>{b9766e96-51c7-43e6-8c88-31f34b307317}</UniqueIdentifier>
    </Filter>
    <Filter Include="Header Files\object\kadrs\common objects">
      <UniqueIdentifier>{43514def-183f-45c5-b586-81eaaf2e4204}</UniqueIdentifier>
    </Filter>
    <Filter Include="Source Files\object\kadrs\common objects">
      <UniqueIdentifier>{5c5ae62a-4ff9-4c37-8e7e-fafbef12a685}</UniqueIdentifier>
    </Filter>
  </ItemGroup>
  <ItemGroup>
    <ClCompile Include="TouchDemo.cpp">
      <Filter>Source Files</Filter>
    </ClCompile>
    <ClCompile Include="util\DrawEngine.cpp">
      <Filter>Source Files\util</Filter>
    </ClCompile>
    <ClCompile Include="util\DrawKit.cpp">
      <Filter>Source Files\util</Filter>
    </ClCompile>
    <ClCompile Include="util\GestureEngine.cpp">
      <Filter>Source Files\util</Filter>
    </ClCompile>
    <ClCompile Include="object\DrawingObject.cpp">
      <Filter>Source Files\object</Filter>
    </ClCompile>
    <ClCompile Include="object\MechanicMenu.cpp">
      <Filter>Source Files\object</Filter>
    </ClCompile>
    <ClCompile Include="util\EkranHandler.cpp">
      <Filter>Source Files\util</Filter>
    </ClCompile>
    <ClCompile Include="StdAfx.cpp">
      <Filter>Source Files</Filter>
    </ClCompile>
    <ClCompile Include="util\GestureEngineEmulator.cpp">
      <Filter>Source Files\util</Filter>
    </ClCompile>
    <ClCompile Include="object\buttons\AbstractButton.cpp">
      <Filter>Source Files\object\buttons</Filter>
    </ClCompile>
    <ClCompile Include="util\Util.cpp">
      <Filter>Source Files\util</Filter>
    </ClCompile>
    <ClCompile Include="object\Frame.cpp">
      <Filter>Source Files\object</Filter>
    </ClCompile>
    <ClCompile Include="object\kadrs\AbstractKadr.cpp">
      <Filter>Source Files\object\kadrs</Filter>
    </ClCompile>
    <ClCompile Include="object\kadrs\BlankKadr.cpp">
      <Filter>Source Files\object\kadrs</Filter>
    </ClCompile>
    <ClCompile Include="object\kadrs\KadrPIL\KadrPIL.cpp">
      <Filter>Source Files\object\kadrs\KadrPIL</Filter>
    </ClCompile>
    <ClCompile Include="object\kadrs\KadrSYS\EngineSys.cpp">
      <Filter>Source Files\object\kadrs\KadrSYS</Filter>
    </ClCompile>
    <ClCompile Include="object\kadrs\KadrSYS\KadrSYS.cpp">
      <Filter>Source Files\object\kadrs\KadrSYS</Filter>
    </ClCompile>
    <ClCompile Include="object\InfoLine.cpp">
      <Filter>Source Files\object</Filter>
    </ClCompile>
    <ClCompile Include="object\TouchSymbol.cpp">
      <Filter>Source Files\object</Filter>
    </ClCompile>
    <ClCompile Include="object\buttons\touchButtons\ChangePageTButton.cpp">
      <Filter>Source Files\object\buttons\touchButtons</Filter>
    </ClCompile>
    <ClCompile Include="object\buttons\touchButtons\MenuTButton.cpp">
      <Filter>Source Files\object\buttons\touchButtons</Filter>
    </ClCompile>
    <ClCompile Include="object\buttons\touchButtons\MenuTButtonHandler.cpp">
      <Filter>Source Files\object\buttons\touchButtons</Filter>
    </ClCompile>
    <ClCompile Include="object\buttons\touchButtons\RadioTButton.cpp">
      <Filter>Source Files\object\buttons\touchButtons</Filter>
    </ClCompile>
    <ClCompile Include="object\buttons\touchButtons\RadioTButtonHandler.cpp">
      <Filter>Source Files\object\buttons\touchButtons</Filter>
    </ClCompile>
    <ClCompile Include="object\buttons\touchButtons\SetTButton.cpp">
      <Filter>Source Files\object\buttons\touchButtons</Filter>
    </ClCompile>
    <ClCompile Include="object\buttons\touchButtons\SetTButtonHandler.cpp">
      <Filter>Source Files\object\buttons\touchButtons</Filter>
    </ClCompile>
    <ClCompile Include="object\buttons\touchButtons\SimpleTButton.cpp">
      <Filter>Source Files\object\buttons\touchButtons</Filter>
    </ClCompile>
    <ClCompile Include="object\buttons\touchButtons\SimpleTButtonHandler.cpp">
      <Filter>Source Files\object\buttons\touchButtons</Filter>
    </ClCompile>
    <ClCompile Include="object\buttons\touchButtons\SwitchTButton.cpp">
      <Filter>Source Files\object\buttons\touchButtons</Filter>
    </ClCompile>
    <ClCompile Include="object\buttons\touchButtons\SwitchTButtonHandler.cpp">
      <Filter>Source Files\object\buttons\touchButtons</Filter>
    </ClCompile>
    <ClCompile Include="object\buttons\mechButtons\MenuButtonHandler.cpp">
      <Filter>Source Files\object\buttons\mechButtons</Filter>
    </ClCompile>
    <ClCompile Include="object\buttons\mechButtons\ParamButton.cpp">
      <Filter>Source Files\object\buttons\mechButtons</Filter>
    </ClCompile>
    <ClCompile Include="object\buttons\mechButtons\ParamButtonHandler.cpp">
      <Filter>Source Files\object\buttons\mechButtons</Filter>
    </ClCompile>
    <ClCompile Include="object\buttons\mechButtons\RadioButton.cpp">
      <Filter>Source Files\object\buttons\mechButtons</Filter>
    </ClCompile>
    <ClCompile Include="object\buttons\mechButtons\RadioButtonHandler.cpp">
      <Filter>Source Files\object\buttons\mechButtons</Filter>
    </ClCompile>
    <ClCompile Include="object\buttons\mechButtons\RotaryButton.cpp">
      <Filter>Source Files\object\buttons\mechButtons</Filter>
    </ClCompile>
    <ClCompile Include="object\buttons\mechButtons\RotaryButtonHandler.cpp">
      <Filter>Source Files\object\buttons\mechButtons</Filter>
    </ClCompile>
    <ClCompile Include="object\buttons\mechButtons\SimpleButton.cpp">
      <Filter>Source Files\object\buttons\mechButtons</Filter>
    </ClCompile>
    <ClCompile Include="object\buttons\mechButtons\SimpleButtonHandler.cpp">
      <Filter>Source Files\object\buttons\mechButtons</Filter>
    </ClCompile>
    <ClCompile Include="object\buttons\mechButtons\SwitchButton.cpp">
      <Filter>Source Files\object\buttons\mechButtons</Filter>
    </ClCompile>
    <ClCompile Include="object\buttons\mechButtons\SwitchButtonHandler.cpp">
      <Filter>Source Files\object\buttons\mechButtons</Filter>
    </ClCompile>
    <ClCompile Include="object\buttons\mechButtons\TabButton.cpp">
      <Filter>Source Files\object\buttons\mechButtons</Filter>
    </ClCompile>
    <ClCompile Include="object\buttons\mechButtons\TabButtonHandler.cpp">
      <Filter>Source Files\object\buttons\mechButtons</Filter>
    </ClCompile>
    <ClCompile Include="object\kadrs\BlankAuxKadr.cpp">
      <Filter>Source Files\object\kadrs</Filter>
    </ClCompile>
    <ClCompile Include="object\kadrs\KadrCAM\KadrCAM.cpp">
      <Filter>Source Files\object\kadrs\KadrCAM</Filter>
    </ClCompile>
    <ClCompile Include="object\kadrs\KadrCAM\KadrCAMButtons.cpp">
      <Filter>Source Files\object\kadrs\KadrCAM</Filter>
    </ClCompile>
    <ClCompile Include="object\kadrs\KadrMAP\KadrMAP.cpp">
      <Filter>Source Files\object\kadrs\KadrMAP</Filter>
    </ClCompile>
    <ClCompile Include="object\kadrs\KadrRDR\KadrRDR.cpp">
      <Filter>Source Files\object\kadrs\KadrRDR</Filter>
    </ClCompile>
    <ClCompile Include="object\kadrs\KadrMAP\KadrMAPButtons.cpp">
      <Filter>Source Files\object\kadrs\KadrMAP</Filter>
    </ClCompile>
    <ClCompile Include="object\kadrs\KadrMAP\Database\DatabasePage.cpp">
      <Filter>Source Files\object\kadrs\KadrMAP\Database</Filter>
    </ClCompile>
    <ClCompile Include="object\kadrs\KadrMAP\Map\MapPage.cpp">
      <Filter>Source Files\object\kadrs\KadrMAP\Map</Filter>
    </ClCompile>
    <ClCompile Include="object\kadrs\KadrMAP\Map\ScaleCircle.cpp">
      <Filter>Source Files\object\kadrs\KadrMAP\Map</Filter>
    </ClCompile>
    <ClCompile Include="CommonFunctions.cpp">
      <Filter>Source Files</Filter>
    </ClCompile>
    <ClCompile Include="object\kadrs\common objects\Arrow.cpp">
      <Filter>Source Files\object\kadrs\common objects</Filter>
    </ClCompile>
  </ItemGroup>
  <ItemGroup>
    <ClInclude Include="StdAfx.h">
      <Filter>Header Files</Filter>
    </ClInclude>
    <ClInclude Include="TouchDemo.h">
      <Filter>Header Files</Filter>
    </ClInclude>
    <ClInclude Include="util\DrawEngine.h">
      <Filter>Header Files\util</Filter>
    </ClInclude>
    <ClInclude Include="util\DrawKit.h">
      <Filter>Header Files\util</Filter>
    </ClInclude>
    <ClInclude Include="util\GestureEngine.h">
      <Filter>Header Files\util</Filter>
    </ClInclude>
    <ClInclude Include="object\DrawingObject.h">
      <Filter>Header Files\object</Filter>
    </ClInclude>
    <ClInclude Include="object\MechanicMenu.h">
      <Filter>Header Files\object</Filter>
    </ClInclude>
    <ClInclude Include="util\EkranHandler.h">
      <Filter>Header Files\util</Filter>
    </ClInclude>
    <ClInclude Include="util\GestureEngineEmulator.h">
      <Filter>Header Files\util</Filter>
    </ClInclude>
    <ClInclude Include="object\buttons\AbstractButton.h">
      <Filter>Header Files\object\buttons</Filter>
    </ClInclude>
    <ClInclude Include="util\Util.h">
      <Filter>Header Files\util</Filter>
    </ClInclude>
    <ClInclude Include="object\Frame.h">
      <Filter>Header Files\object</Filter>
    </ClInclude>
    <ClInclude Include="object\kadrs\AbstractKadr.h">
      <Filter>Header Files\object\kadrs</Filter>
    </ClInclude>
    <ClInclude Include="object\kadrs\BlankKadr.h">
      <Filter>Header Files\object\kadrs</Filter>
    </ClInclude>
    <ClInclude Include="object\kadrs\KadrPIL\KadrPIL.h">
      <Filter>Header Files\object\kadrs\KadrPIL</Filter>
    </ClInclude>
    <ClInclude Include="object\kadrs\KadrSYS\EngineSys.h">
      <Filter>Header Files\object\kadrs\KadrSYS</Filter>
    </ClInclude>
    <ClInclude Include="object\kadrs\KadrSYS\KadrSYS.h">
      <Filter>Header Files\object\kadrs\KadrSYS</Filter>
    </ClInclude>
    <ClInclude Include="CommonConstants.h">
      <Filter>Header Files</Filter>
    </ClInclude>
    <ClInclude Include="object\InfoLine.h">
      <Filter>Header Files\object</Filter>
    </ClInclude>
    <ClInclude Include="object\TouchSymbol.h">
      <Filter>Header Files\object</Filter>
    </ClInclude>
    <ClInclude Include="object\buttons\mechButtons\MenuButtonHandler.h">
      <Filter>Header Files\object\buttons\mechButtons</Filter>
    </ClInclude>
    <ClInclude Include="object\buttons\mechButtons\ParamButton.h">
      <Filter>Header Files\object\buttons\mechButtons</Filter>
    </ClInclude>
    <ClInclude Include="object\buttons\mechButtons\ParamButtonHandler.h">
      <Filter>Header Files\object\buttons\mechButtons</Filter>
    </ClInclude>
    <ClInclude Include="object\buttons\mechButtons\RadioButton.h">
      <Filter>Header Files\object\buttons\mechButtons</Filter>
    </ClInclude>
    <ClInclude Include="object\buttons\mechButtons\RadioButtonHandler.h">
      <Filter>Header Files\object\buttons\mechButtons</Filter>
    </ClInclude>
    <ClInclude Include="object\buttons\mechButtons\RotaryButton.h">
      <Filter>Header Files\object\buttons\mechButtons</Filter>
    </ClInclude>
    <ClInclude Include="object\buttons\mechButtons\RotaryButtonHandler.h">
      <Filter>Header Files\object\buttons\mechButtons</Filter>
    </ClInclude>
    <ClInclude Include="object\buttons\mechButtons\SimpleButton.h">
      <Filter>Header Files\object\buttons\mechButtons</Filter>
    </ClInclude>
    <ClInclude Include="object\buttons\mechButtons\SimpleButtonHandler.h">
      <Filter>Header Files\object\buttons\mechButtons</Filter>
    </ClInclude>
    <ClInclude Include="object\buttons\mechButtons\SwitchButton.h">
      <Filter>Header Files\object\buttons\mechButtons</Filter>
    </ClInclude>
    <ClInclude Include="object\buttons\mechButtons\SwitchButtonHandler.h">
      <Filter>Header Files\object\buttons\mechButtons</Filter>
    </ClInclude>
    <ClInclude Include="object\buttons\mechButtons\TabButton.h">
      <Filter>Header Files\object\buttons\mechButtons</Filter>
    </ClInclude>
    <ClInclude Include="object\buttons\mechButtons\TabButtonHandler.h">
      <Filter>Header Files\object\buttons\mechButtons</Filter>
    </ClInclude>
    <ClInclude Include="object\buttons\touchButtons\ChangePageTButton.h">
      <Filter>Header Files\object\buttons\touchButtons</Filter>
    </ClInclude>
    <ClInclude Include="object\buttons\touchButtons\MenuTButton.h">
      <Filter>Header Files\object\buttons\touchButtons</Filter>
    </ClInclude>
    <ClInclude Include="object\buttons\touchButtons\MenuTButtonHandler.h">
      <Filter>Header Files\object\buttons\touchButtons</Filter>
    </ClInclude>
    <ClInclude Include="object\buttons\touchButtons\RadioTButton.h">
      <Filter>Header Files\object\buttons\touchButtons</Filter>
    </ClInclude>
    <ClInclude Include="object\buttons\touchButtons\RadioTButtonHandler.h">
      <Filter>Header Files\object\buttons\touchButtons</Filter>
    </ClInclude>
    <ClInclude Include="object\buttons\touchButtons\SetTButton.h">
      <Filter>Header Files\object\buttons\touchButtons</Filter>
    </ClInclude>
    <ClInclude Include="object\buttons\touchButtons\SetTButtonHandler.h">
      <Filter>Header Files\object\buttons\touchButtons</Filter>
    </ClInclude>
    <ClInclude Include="object\buttons\touchButtons\SimpleTButton.h">
      <Filter>Header Files\object\buttons\touchButtons</Filter>
    </ClInclude>
    <ClInclude Include="object\buttons\touchButtons\SimpleTButtonHandler.h">
      <Filter>Header Files\object\buttons\touchButtons</Filter>
    </ClInclude>
    <ClInclude Include="object\buttons\touchButtons\SwitchTButton.h">
      <Filter>Header Files\object\buttons\touchButtons</Filter>
    </ClInclude>
    <ClInclude Include="object\buttons\touchButtons\SwitchTButtonHandler.h">
      <Filter>Header Files\object\buttons\touchButtons</Filter>
    </ClInclude>
    <ClInclude Include="object\kadrs\BlankAuxKadr.h">
      <Filter>Header Files\object\kadrs</Filter>
    </ClInclude>
    <ClInclude Include="object\kadrs\Page.h">
      <Filter>Header Files\object\kadrs</Filter>
    </ClInclude>
    <ClInclude Include="object\kadrs\KadrMAP\KadrMAP.h">
      <Filter>Header Files\object\kadrs\KadrMAP</Filter>
    </ClInclude>
    <ClInclude Include="object\kadrs\KadrRDR\KadrRDR.h">
      <Filter>Header Files\object\kadrs\KadrRDR</Filter>
    </ClInclude>
    <ClInclude Include="object\kadrs\KadrCAM\KadrCAM.h">
      <Filter>Header Files\object\kadrs\KadrCAM</Filter>
    </ClInclude>
    <ClInclude Include="object\kadrs\KadrCAM\KadrCAMButtons.h">
      <Filter>Header Files\object\kadrs\KadrCAM</Filter>
    </ClInclude>
    <ClInclude Include="object\kadrs\KadrMAP\KadrMAPButtons.h">
      <Filter>Header Files\object\kadrs\KadrMAP</Filter>
    </ClInclude>
    <ClInclude Include="object\kadrs\KadrMAP\Database\DatabasePage.h">
      <Filter>Header Files\object\kadrs\KadrMAP\Database</Filter>
    </ClInclude>
    <ClInclude Include="object\kadrs\KadrMAP\Map\MapPage.h">
      <Filter>Header Files\object\kadrs\KadrMAP\Map</Filter>
    </ClInclude>
    <ClInclude Include="object\kadrs\KadrMAP\Map\ScaleCircle.h">
      <Filter>Header Files\object\kadrs\KadrMAP\Map</Filter>
    </ClInclude>
    <ClInclude Include="CommonFunctions.h">
      <Filter>Header Files</Filter>
    </ClInclude>
    <ClInclude Include="object\kadrs\common objects\Arrow.h">
      <Filter>Header Files\object\kadrs\common objects</Filter>
    </ClInclude>
  </ItemGroup>
</Project>