<?xml version="1.0" encoding="utf-8"?>
<Project ToolsVersion="4.0" xmlns="http://schemas.microsoft.com/developer/msbuild/2003">
  <ItemGroup>
    <Filter Include="Source Files">
      <UniqueIdentifier>{4FC737F1-C7A5-4376-A066-2A32D752A2FF}</UniqueIdentifier>
      <Extensions>cpp;c;cc;cxx;def;odl;idl;hpj;bat;asm;asmx</Extensions>
    </Filter>
    <Filter Include="Header Files">
      <UniqueIdentifier>{93995380-89BD-4b04-88EB-625FBE52EBFB}</UniqueIdentifier>
      <Extensions>h;hh;hpp;hxx;hm;inl;inc;ipp;xsd</Extensions>
    </Filter>
    <Filter Include="Resource Files">
      <UniqueIdentifier>{67DA6AB6-F800-4c08-8B7A-83BB121AAD01}</UniqueIdentifier>
      <Extensions>rc;ico;cur;bmp;dlg;rc2;rct;bin;rgs;gif;jpg;jpeg;jpe;resx;tiff;tif;png;wav;mfcribbon-ms</Extensions>
    </Filter>
    <Filter Include="Header Files\util">
      <UniqueIdentifier>{533eaa0a-402b-4ec9-9587-4f8d750f5695}</UniqueIdentifier>
    </Filter>
    <Filter Include="Header Files\object">
      <UniqueIdentifier>{a18527c9-7949-495a-8cf6-2bf3dc8a7325}</UniqueIdentifier>
    </Filter>
    <Filter Include="Source Files\util">
      <UniqueIdentifier>{1bdc9534-d4b8-4faf-852f-501a749c2398}</UniqueIdentifier>
    </Filter>
    <Filter Include="Source Files\object">
      <UniqueIdentifier>{652f20d0-357b-4982-915a-5e00c637491d}</UniqueIdentifier>
    </Filter>
    <Filter Include="Header Files\object\buttons">
      <UniqueIdentifier>{a2149c37-c5e0-4a26-9144-27bc909fd03e}</UniqueIdentifier>
    </Filter>
    <Filter Include="Source Files\object\buttons">
      <UniqueIdentifier>{5cf93ac5-e7be-4892-bba8-ba0ee913cee4}</UniqueIdentifier>
    </Filter>
  </ItemGroup>
  <ItemGroup>
    <ClCompile Include="TouchDemo.cpp">
      <Filter>Source Files</Filter>
    </ClCompile>
    <ClCompile Include="util\DrawEngine.cpp">
      <Filter>Source Files\util</Filter>
    </ClCompile>
    <ClCompile Include="util\DrawKit.cpp">
      <Filter>Source Files\util</Filter>
    </ClCompile>
    <ClCompile Include="util\GestureEngine.cpp">
      <Filter>Source Files\util</Filter>
    </ClCompile>
    <ClCompile Include="object\DrawingObject.cpp">
      <Filter>Source Files\object</Filter>
    </ClCompile>
    <ClCompile Include="object\Kadr.cpp">
      <Filter>Source Files\object</Filter>
    </ClCompile>
    <ClCompile Include="object\MechanicMenu.cpp">
      <Filter>Source Files\object</Filter>
    </ClCompile>
    <ClCompile Include="util\EkranHandler.cpp">
      <Filter>Source Files\util</Filter>
    </ClCompile>
    <ClCompile Include="StdAfx.cpp">
      <Filter>Source Files</Filter>
    </ClCompile>
    <ClCompile Include="util\GestureEngineEmulator.cpp">
      <Filter>Source Files\util</Filter>
    </ClCompile>
    <ClCompile Include="object\buttons\AbstractButton.cpp">
      <Filter>Source Files\object\buttons</Filter>
    </ClCompile>
    <ClCompile Include="object\buttons\MenuButton.cpp">
      <Filter>Source Files\object\buttons</Filter>
    </ClCompile>
    <ClCompile Include="object\buttons\SimpleButton.cpp">
      <Filter>Source Files\object\buttons</Filter>
    </ClCompile>
    <ClCompile Include="util\Util.cpp">
      <Filter>Source Files\util</Filter>
    </ClCompile>
  </ItemGroup>
  <ItemGroup>
    <ClInclude Include="StdAfx.h">
      <Filter>Header Files</Filter>
    </ClInclude>
    <ClInclude Include="TouchDemo.h">
      <Filter>Header Files</Filter>
    </ClInclude>
    <ClInclude Include="util\DrawEngine.h">
      <Filter>Header Files\util</Filter>
    </ClInclude>
    <ClInclude Include="util\DrawKit.h">
      <Filter>Header Files\util</Filter>
    </ClInclude>
    <ClInclude Include="util\GestureEngine.h">
      <Filter>Header Files\util</Filter>
    </ClInclude>
    <ClInclude Include="object\DrawingObject.h">
      <Filter>Header Files\object</Filter>
    </ClInclude>
    <ClInclude Include="object\Kadr.h">
      <Filter>Header Files\object</Filter>
    </ClInclude>
    <ClInclude Include="object\MechanicMenu.h">
      <Filter>Header Files\object</Filter>
    </ClInclude>
    <ClInclude Include="util\EkranHandler.h">
      <Filter>Header Files\util</Filter>
    </ClInclude>
    <ClInclude Include="util\GestureEngineEmulator.h">
      <Filter>Header Files\util</Filter>
    </ClInclude>
    <ClInclude Include="object\buttons\AbstractButton.h">
      <Filter>Header Files\object\buttons</Filter>
    </ClInclude>
    <ClInclude Include="object\buttons\MenuButton.h">
      <Filter>Header Files\object\buttons</Filter>
    </ClInclude>
    <ClInclude Include="object\buttons\SimpleButton.h">
      <Filter>Header Files\object\buttons</Filter>
    </ClInclude>
    <ClInclude Include="util\Util.h">
      <Filter>Header Files\util</Filter>
    </ClInclude>
  </ItemGroup>
</Project>